{
  "name": "ckeditor5-adapter-aliyun",
  "version": "1.0.0",
  "lockfileVersion": 1,
  "requires": true,
  "dependencies": {
    "@ckeditor/ckeditor5-core": {
      "version": "12.1.1",
      "resolved": "https://registry.npm.taobao.org/@ckeditor/ckeditor5-core/download/@ckeditor/ckeditor5-core-12.1.1.tgz",
      "integrity": "sha1-ZYKPWW+wAiWv7bSR9GkSpYuL3gE=",
      "requires": {
        "@ckeditor/ckeditor5-engine": "^13.1.1",
        "@ckeditor/ckeditor5-utils": "^12.1.1",
        "lodash-es": "^4.17.10"
      }
    },
    "@ckeditor/ckeditor5-engine": {
      "version": "13.1.1",
      "resolved": "https://registry.npm.taobao.org/@ckeditor/ckeditor5-engine/download/@ckeditor/ckeditor5-engine-13.1.1.tgz",
      "integrity": "sha1-jRlN1qXHlG9Ikr6DClK8JseD/ks=",
      "requires": {
        "@ckeditor/ckeditor5-utils": "^12.1.1",
        "lodash-es": "^4.17.10"
      }
    },
    "@ckeditor/ckeditor5-ui": {
      "version": "13.0.0",
      "resolved": "https://registry.npm.taobao.org/@ckeditor/ckeditor5-ui/download/@ckeditor/ckeditor5-ui-13.0.0.tgz",
      "integrity": "sha1-Bi+xVVlfG5MTiHarWGgXpi4I2Ug=",
      "requires": {
        "@ckeditor/ckeditor5-core": "^12.1.1",
        "@ckeditor/ckeditor5-utils": "^12.1.1",
        "lodash-es": "^4.17.10"
      }
    },
    "@ckeditor/ckeditor5-upload": {
      "version": "11.0.2",
      "resolved": "https://registry.npm.taobao.org/@ckeditor/ckeditor5-upload/download/@ckeditor/ckeditor5-upload-11.0.2.tgz",
      "integrity": "sha1-IfBlkJnHfg5Isej1zKgHEfNblv0=",
      "requires": {
        "@ckeditor/ckeditor5-core": "^12.1.1",
        "@ckeditor/ckeditor5-ui": "^13.0.0",
        "@ckeditor/ckeditor5-utils": "^12.1.1"
      }
    },
    "@ckeditor/ckeditor5-utils": {
      "version": "12.1.1",
      "resolved": "https://registry.npm.taobao.org/@ckeditor/ckeditor5-utils/download/@ckeditor/ckeditor5-utils-12.1.1.tgz",
      "integrity": "sha1-iGqNg3lXNlilUVINYq2mWrKaTWc=",
      "requires": {
        "ckeditor5": "^12.2.0",
        "lodash-es": "^4.17.10"
      }
    },
    "axios": {
      "version": "0.21.1",
      "resolved": "https://registry.npmjs.org/axios/-/axios-0.21.1.tgz",
      "integrity": "sha512-dKQiRHxGD9PPRIUNIWvZhPTPpl1rf/OxTYKsqKUDjBwYylTvV7SjSHJb9ratfyzM6wCdLCOYLzs73qpg5c4iGA==",
      "requires": {
        "follow-redirects": "^1.10.0"
      }
    },
    "ckeditor5": {
      "version": "12.2.0",
      "resolved": "https://registry.npm.taobao.org/ckeditor5/download/ckeditor5-12.2.0.tgz",
      "integrity": "sha1-Ocuu6QSFS+KoMktANI/txTczaOE="
    },
    "follow-redirects": {
      "version": "1.13.1",
      "resolved": "https://registry.npmjs.org/follow-redirects/-/follow-redirects-1.13.1.tgz",
      "integrity": "sha512-SSG5xmZh1mkPGyKzjZP8zLjltIfpW32Y5QpdNJyjcfGxK3qo3NDDkZOZSFiGn1A6SclQxY9GzEwAHQ3dmYRWpg=="
    },
    "lodash-es": {
      "version": "4.17.11",
      "resolved": "https://registry.npm.taobao.org/lodash-es/download/lodash-es-4.17.11.tgz?cache=0&other_urls=https%3A%2F%2Fregistry.npm.taobao.org%2Flodash-es%2Fdownload%2Flodash-es-4.17.11.tgz",
      "integrity": "sha1-FFq0p6xcXlKjUx+08xAlWhUrS+A="
    },
    "qs": {
      "version": "6.7.0",
      "resolved": "http://registry.npm.taobao.org/qs/download/qs-6.7.0.tgz",
      "integrity": "sha1-QdwaAV49WB8WIXdr4xr7KHapsbw="
    }
  }
}
